
Microsoft Visual Studio Solution File, Format Version 12.00
# Visual Studio 15
VisualStudioVersion = 15.0.28010.2016
MinimumVisualStudioVersion = 10.0.40219.1
Project("{FAE04EC0-301F-11D3-BF4B-00C04F79EFBC}") = "smtpsender", "smtpsender.csproj", "{BBEEC12E-E367-4515-AC4C-BBE1E0D4E0C9}"
EndProject
Global
	GlobalSection(SolutionConfigurationPlatforms) = preSolution
		Debug|Any CPU = Debug|Any CPU
		Release|Any CPU = Release|Any CPU
	EndGlobalSection
	GlobalSection(ProjectConfigurationPlatforms) = postSolution
		{BBEEC12E-E367-4515-AC4C-BBE1E0D4E0C9}.Debug|Any CPU.ActiveCfg = Debug|Any CPU
		{BBEEC12E-E367-4515-AC4C-BBE1E0D4E0C9}.Debug|Any CPU.Build.0 = Debug|Any CPU
		{BBEEC12E-E367-4515-AC4C-BBE1E0D4E0C9}.Release|Any CPU.ActiveCfg = Release|Any CPU
		{BBEEC12E-E367-4515-AC4C-BBE1E0D4E0C9}.Release|Any CPU.Build.0 = Release|Any CPU
	EndGlobalSection
	GlobalSection(SolutionProperties) = preSolution
		HideSolutionNode = FALSE
	EndGlobalSection
	GlobalSection(ExtensibilityGlobals) = postSolution
		SolutionGuid = {34E59D52-661D-44F3-87DA-40B56289D5A5}
	EndGlobalSection
EndGlobal
